
Microsoft Visual Studio Solution File, Format Version 12.00
# Visual Studio Version 16
VisualStudioVersion = 16.0.30711.63
MinimumVisualStudioVersion = 10.0.40219.1
Project("{FAE04EC0-301F-11D3-BF4B-00C04F79EFBC}") = "Portafolio_UTM", "Portafolio_UTM\Portafolio_UTM.csproj", "{49F589CE-7B1A-4196-B996-B145A4897D47}"
EndProject
Global
	GlobalSection(SolutionConfigurationPlatforms) = preSolution
		Debug|Any CPU = Debug|Any CPU
		Release|Any CPU = Release|Any CPU
	EndGlobalSection
	GlobalSection(ProjectConfigurationPlatforms) = postSolution
		{49F589CE-7B1A-4196-B996-B145A4897D47}.Debug|Any CPU.ActiveCfg = Debug|Any CPU
		{49F589CE-7B1A-4196-B996-B145A4897D47}.Debug|Any CPU.Build.0 = Debug|Any CPU
		{49F589CE-7B1A-4196-B996-B145A4897D47}.Release|Any CPU.ActiveCfg = Release|Any CPU
		{49F589CE-7B1A-4196-B996-B145A4897D47}.Release|Any CPU.Build.0 = Release|Any CPU
	EndGlobalSection
	GlobalSection(SolutionProperties) = preSolution
		HideSolutionNode = FALSE
	EndGlobalSection
	GlobalSection(ExtensibilityGlobals) = postSolution
		SolutionGuid = {CB62017E-89D0-4B03-BF08-0206DB6B9BED}
	EndGlobalSection
EndGlobal
